
Microsoft Visual Studio Solution File, Format Version 12.00
# Visual Studio 15
Project("{FAE04EC0-301F-11D3-BF4B-00C04F79EFBC}") = "Assembly-CSharp", "Assembly-CSharp.csproj", "{ACC1A77B-54E9-97C0-60AF-BF3D7FEAA018}"
EndProject
Global
	GlobalSection(SolutionConfigurationPlatforms) = preSolution
		Debug|Any CPU = Debug|Any CPU
		Release|Any CPU = Release|Any CPU
	EndGlobalSection
	GlobalSection(ProjectConfigurationPlatforms) = postSolution
		{ACC1A77B-54E9-97C0-60AF-BF3D7FEAA018}.Debug|Any CPU.ActiveCfg = Debug|Any CPU
		{ACC1A77B-54E9-97C0-60AF-BF3D7FEAA018}.Debug|Any CPU.Build.0 = Debug|Any CPU
		{ACC1A77B-54E9-97C0-60AF-BF3D7FEAA018}.Release|Any CPU.ActiveCfg = Release|Any CPU
		{ACC1A77B-54E9-97C0-60AF-BF3D7FEAA018}.Release|Any CPU.Build.0 = Release|Any CPU
	EndGlobalSection
	GlobalSection(SolutionProperties) = preSolution
		HideSolutionNode = FALSE
	EndGlobalSection
EndGlobal
