<?xml version="1.0" encoding="utf-8"?>
<Project ToolsVersion="4.0" xmlns="http://schemas.microsoft.com/developer/msbuild/2003">
  <ItemGroup>
    <ClInclude Include="..\..\src\Eigen.h" />
    <ClInclude Include="..\..\src\ExportDLL.h" />
    <ClInclude Include="..\..\src\TrackerContext.h" />
    <ClInclude Include="..\..\src\tests\windows\WindowsTests.h">
      <Filter>tests\windows</Filter>
    </ClInclude>
    <ClInclude Include="..\..\src\data-stream\headers\DatasetVideoStreamReader.h">
      <Filter>data-stream\headers</Filter>
    </ClInclude>
    <ClInclude Include="..\..\src\data-stream\headers\VideoStreamReaderBase.h">
      <Filter>data-stream\headers</Filter>
    </ClInclude>
    <ClInclude Include="..\..\src\reconstruction\headers\Fusion.h">
      <Filter>reconstruction\headers</Filter>
    </ClInclude>
    <ClInclude Include="..\..\src\reconstruction\headers\ICP.h">
      <Filter>reconstruction\headers</Filter>
    </ClInclude>
    <ClInclude Include="..\..\src\reconstruction\headers\Tracker.h">
      <Filter>reconstruction\headers</Filter>
    </ClInclude>
    <ClInclude Include="..\..\src\reconstruction\sources\NearestNeighbor.hpp">
      <Filter>reconstruction\sources</Filter>
    </ClInclude>
    <ClInclude Include="..\..\src\reconstruction\sources\ProcrustesAligner.hpp">
      <Filter>reconstruction\sources</Filter>
    </ClInclude>
    <ClInclude Include="..\..\src\reconstruction\headers\PointCloud.h">
      <Filter>reconstruction\headers</Filter>
    </ClInclude>
    <ClInclude Include="..\..\src\reconstruction\headers\CameraParameters.h">
      <Filter>reconstruction\headers</Filter>
    </ClInclude>
    <ClInclude Include="..\..\src\reconstruction\headers\Voxel.h">
      <Filter>reconstruction\headers</Filter>
    </ClInclude>
    <ClInclude Include="..\..\src\reconstruction\headers\Volume.h">
      <Filter>reconstruction\headers</Filter>
    </ClInclude>
    <ClInclude Include="..\..\src\concurency\headers\Buffer.h">
      <Filter>concurency\headers</Filter>
    </ClInclude>
    <ClInclude Include="..\..\src\concurency\headers\Consumer.h">
      <Filter>concurency\headers</Filter>
    </ClInclude>
    <ClInclude Include="..\..\src\concurency\headers\Producer.h">
      <Filter>concurency\headers</Filter>
    </ClInclude>
    <ClInclude Include="..\..\src\debugger\headers\Verbose.h">
      <Filter>debugger\headers</Filter>
    </ClInclude>
    <ClInclude Include="..\..\src\reconstruction\headers\Mesh.h">
      <Filter>reconstruction\headers</Filter>
    </ClInclude>
    <ClInclude Include="..\..\src\reconstruction\headers\MarchingCubes.h">
      <Filter>reconstruction\headers</Filter>
    </ClInclude>
    <ClInclude Include="..\..\src\files-manager\headers\DatasetManager.h">
      <Filter>files-manager\headers</Filter>
    </ClInclude>
    <ClInclude Include="..\..\src\concurency\headers\ThreadManager.h">
      <Filter>concurency\headers</Filter>
    </ClInclude>
    <ClInclude Include="..\..\src\debugger\headers\ProgressBar.hpp">
      <Filter>debugger\headers</Filter>
    </ClInclude>
  </ItemGroup>
  <ItemGroup>
    <ClCompile Include="..\..\src\ExportDLL.cpp" />
    <ClCompile Include="..\..\src\main.cpp" />
    <ClCompile Include="..\..\src\tests\windows\WindowsTests.cpp">
      <Filter>tests\windows</Filter>
    </ClCompile>
    <ClCompile Include="..\..\src\data-stream\sources\DatasetVideoStreamReader.cpp">
      <Filter>data-stream\sources</Filter>
    </ClCompile>
    <ClCompile Include="..\..\src\reconstruction\sources\Fusion.cpp">
      <Filter>reconstruction\sources</Filter>
    </ClCompile>
    <ClCompile Include="..\..\src\reconstruction\sources\ICP.cpp">
      <Filter>reconstruction\sources</Filter>
    </ClCompile>
    <ClCompile Include="..\..\src\reconstruction\sources\Tracker.cpp">
      <Filter>reconstruction\sources</Filter>
    </ClCompile>
    <ClCompile Include="..\..\src\reconstruction\sources\PointCloud.cpp">
      <Filter>reconstruction\sources</Filter>
    </ClCompile>
    <ClCompile Include="..\..\src\reconstruction\sources\Volume.cpp">
      <Filter>reconstruction\sources</Filter>
    </ClCompile>
    <ClCompile Include="..\..\src\concurency\sources\Buffer.cpp">
      <Filter>concurency\sources</Filter>
    </ClCompile>
    <ClCompile Include="..\..\src\concurency\sources\Consumer.cpp">
      <Filter>concurency\sources</Filter>
    </ClCompile>
    <ClCompile Include="..\..\src\concurency\sources\Producer.cpp">
      <Filter>concurency\sources</Filter>
    </ClCompile>
    <ClCompile Include="..\..\src\TrackerContext.cpp" />
    <ClCompile Include="..\..\src\debugger\sources\Verbose.cpp">
      <Filter>debugger\sources</Filter>
    </ClCompile>
    <ClCompile Include="..\..\src\reconstruction\sources\Mesh.cpp">
      <Filter>reconstruction\sources</Filter>
    </ClCompile>
    <ClCompile Include="..\..\src\files-manager\sources\DatasetManager.cpp">
      <Filter>files-manager\sources</Filter>
    </ClCompile>
    <ClCompile Include="..\..\src\concurency\sources\ThreadManager.cpp">
      <Filter>concurency\sources</Filter>
    </ClCompile>
  </ItemGroup>
  <ItemGroup>
    <Filter Include="data-stream">
      <UniqueIdentifier>{0a212319-e3ab-4415-a834-e3b0a7a2e37a}</UniqueIdentifier>
    </Filter>
    <Filter Include="reconstruction">
      <UniqueIdentifier>{586f151a-5304-4a56-bda5-6fd44e591379}</UniqueIdentifier>
    </Filter>
    <Filter Include="tests">
      <UniqueIdentifier>{812a40be-af38-47d5-8520-34780808476b}</UniqueIdentifier>
    </Filter>
    <Filter Include="data-stream\headers">
      <UniqueIdentifier>{b6423e85-f0bd-4990-af69-b16922276504}</UniqueIdentifier>
    </Filter>
    <Filter Include="data-stream\sources">
      <UniqueIdentifier>{c5624ec5-becc-421d-b4d4-cd43aea6bd1b}</UniqueIdentifier>
    </Filter>
    <Filter Include="tests\windows">
      <UniqueIdentifier>{558ae7d3-65f1-4695-86f0-4f4651873745}</UniqueIdentifier>
    </Filter>
    <Filter Include="reconstruction\headers">
      <UniqueIdentifier>{a665fb45-b2a7-42a4-b8a3-531986ede890}</UniqueIdentifier>
    </Filter>
    <Filter Include="reconstruction\sources">
      <UniqueIdentifier>{d6e155f6-11f8-4f69-aab9-a88b5265309d}</UniqueIdentifier>
    </Filter>
    <Filter Include="concurency">
      <UniqueIdentifier>{d1978c71-a0ad-451d-aaf9-5d3ec58e504d}</UniqueIdentifier>
    </Filter>
    <Filter Include="concurency\headers">
      <UniqueIdentifier>{cc1bf3c9-a161-43b4-8758-707df63a96cb}</UniqueIdentifier>
    </Filter>
    <Filter Include="concurency\sources">
      <UniqueIdentifier>{602dac60-3ab3-4ba1-acf0-42fb5b3fd2e5}</UniqueIdentifier>
    </Filter>
    <Filter Include="debugger">
      <UniqueIdentifier>{0406a341-5e09-4af7-9c90-ead62788db49}</UniqueIdentifier>
    </Filter>
    <Filter Include="debugger\headers">
      <UniqueIdentifier>{485cda67-b100-472c-9889-ba762ddaace2}</UniqueIdentifier>
    </Filter>
    <Filter Include="debugger\sources">
      <UniqueIdentifier>{d9012683-0f62-4796-9da2-379f8ce4180d}</UniqueIdentifier>
    </Filter>
    <Filter Include="files-manager">
      <UniqueIdentifier>{cea74d82-2595-4e9c-bfb2-2329bdb40e56}</UniqueIdentifier>
    </Filter>
    <Filter Include="files-manager\headers">
      <UniqueIdentifier>{834b2bd2-f7ec-4c5d-884f-0c7508447a85}</UniqueIdentifier>
    </Filter>
    <Filter Include="files-manager\sources">
      <UniqueIdentifier>{aa9165ad-15d1-4ebb-8a2d-c8e03174aa8a}</UniqueIdentifier>
    </Filter>
  </ItemGroup>
</Project>